
Microsoft Visual Studio Solution File, Format Version 12.00
# Visual Studio Version 17
VisualStudioVersion = 17.7.34018.315
MinimumVisualStudioVersion = 10.0.40219.1
Project("{FAE04EC0-301F-11D3-BF4B-00C04F79EFBC}") = "OnlineShope", "OnlineShope.csproj", "{3ADA029A-C239-4095-BC5D-E2FC4EB59649}"
EndProject
Global
	GlobalSection(SolutionConfigurationPlatforms) = preSolution
		Debug|Any CPU = Debug|Any CPU
		Release|Any CPU = Release|Any CPU
	EndGlobalSection
	GlobalSection(ProjectConfigurationPlatforms) = postSolution
		{3ADA029A-C239-4095-BC5D-E2FC4EB59649}.Debug|Any CPU.ActiveCfg = Debug|Any CPU
		{3ADA029A-C239-4095-BC5D-E2FC4EB59649}.Debug|Any CPU.Build.0 = Debug|Any CPU
		{3ADA029A-C239-4095-BC5D-E2FC4EB59649}.Release|Any CPU.ActiveCfg = Release|Any CPU
		{3ADA029A-C239-4095-BC5D-E2FC4EB59649}.Release|Any CPU.Build.0 = Release|Any CPU
	EndGlobalSection
	GlobalSection(SolutionProperties) = preSolution
		HideSolutionNode = FALSE
	EndGlobalSection
	GlobalSection(ExtensibilityGlobals) = postSolution
		SolutionGuid = {5C7C3077-194B-45FF-9B28-8FCB10C20179}
	EndGlobalSection
EndGlobal
